
Microsoft Visual Studio Solution File, Format Version 12.00
# Visual Studio 14
VisualStudioVersion = 14.0.25420.1
MinimumVisualStudioVersion = 10.0.40219.1
Project("{FAE04EC0-301F-11D3-BF4B-00C04F79EFBC}") = "MRP.DAL", "MRP.DAL\MRP.DAL.csproj", "{5648EAE9-CDFE-4862-B63D-2462729D37DF}"
EndProject
Project("{FAE04EC0-301F-11D3-BF4B-00C04F79EFBC}") = "MRP.Common", "MRP.Common\MRP.Common.csproj", "{7784B79E-F176-455D-A3B3-DE2BF89A3D31}"
EndProject
Project("{FAE04EC0-301F-11D3-BF4B-00C04F79EFBC}") = "MRP.BL", "MRP.BL\MRP.BL.csproj", "{F433D91E-8264-45B9-B426-6EAB74AA94EF}"
EndProject
Project("{FAE04EC0-301F-11D3-BF4B-00C04F79EFBC}") = "MRP.API", "MRP.API\MRP.API.csproj", "{C6FFE0C9-6259-454A-89B7-43B1EB81C758}"
EndProject
Global
	GlobalSection(SolutionConfigurationPlatforms) = preSolution
		Debug|Any CPU = Debug|Any CPU
		Release|Any CPU = Release|Any CPU
	EndGlobalSection
	GlobalSection(ProjectConfigurationPlatforms) = postSolution
		{5648EAE9-CDFE-4862-B63D-2462729D37DF}.Debug|Any CPU.ActiveCfg = Debug|Any CPU
		{5648EAE9-CDFE-4862-B63D-2462729D37DF}.Debug|Any CPU.Build.0 = Debug|Any CPU
		{5648EAE9-CDFE-4862-B63D-2462729D37DF}.Release|Any CPU.ActiveCfg = Release|Any CPU
		{5648EAE9-CDFE-4862-B63D-2462729D37DF}.Release|Any CPU.Build.0 = Release|Any CPU
		{7784B79E-F176-455D-A3B3-DE2BF89A3D31}.Debug|Any CPU.ActiveCfg = Debug|Any CPU
		{7784B79E-F176-455D-A3B3-DE2BF89A3D31}.Debug|Any CPU.Build.0 = Debug|Any CPU
		{7784B79E-F176-455D-A3B3-DE2BF89A3D31}.Release|Any CPU.ActiveCfg = Release|Any CPU
		{7784B79E-F176-455D-A3B3-DE2BF89A3D31}.Release|Any CPU.Build.0 = Release|Any CPU
		{F433D91E-8264-45B9-B426-6EAB74AA94EF}.Debug|Any CPU.ActiveCfg = Debug|Any CPU
		{F433D91E-8264-45B9-B426-6EAB74AA94EF}.Debug|Any CPU.Build.0 = Debug|Any CPU
		{F433D91E-8264-45B9-B426-6EAB74AA94EF}.Release|Any CPU.ActiveCfg = Release|Any CPU
		{F433D91E-8264-45B9-B426-6EAB74AA94EF}.Release|Any CPU.Build.0 = Release|Any CPU
		{C6FFE0C9-6259-454A-89B7-43B1EB81C758}.Debug|Any CPU.ActiveCfg = Debug|Any CPU
		{C6FFE0C9-6259-454A-89B7-43B1EB81C758}.Debug|Any CPU.Build.0 = Debug|Any CPU
		{C6FFE0C9-6259-454A-89B7-43B1EB81C758}.Release|Any CPU.ActiveCfg = Release|Any CPU
		{C6FFE0C9-6259-454A-89B7-43B1EB81C758}.Release|Any CPU.Build.0 = Release|Any CPU
	EndGlobalSection
	GlobalSection(SolutionProperties) = preSolution
		HideSolutionNode = FALSE
	EndGlobalSection
EndGlobal
